{
    "version": 3,
    "terraform_version": "0.7.3",
    "serial": 17,
    "lineage": "1a80d326-7b87-433d-92eb-5a3393370e31",
    "modules": [
        {
            "path": [
                "root"
            ],
            "outputs": {},
            "resources": {
                "digitalocean_record.kolla": {
                    "type": "digitalocean_record",
                    "depends_on": [
                        "packet_device.kolla"
                    ],
                    "primary": {
                        "id": "17921186",
                        "attributes": {
                            "domain": "opsits.com",
                            "fqdn": "kolla.opsits.com",
                            "id": "17921186",
                            "name": "kolla",
                            "port": "0",
                            "priority": "0",
                            "type": "A",
                            "value": "147.75.97.203",
                            "weight": "0"
                        },
                        "meta": {},
                        "tainted": false
                    },
                    "deposed": [],
                    "provider": ""
                },
                "digitalocean_record.student3": {
                    "type": "digitalocean_record",
                    "depends_on": [
                        "packet_device.student3"
                    ],
                    "primary": {
                        "id": "18131644",
                        "attributes": {
                            "domain": "opsits.com",
                            "fqdn": "student3.opsits.com",
                            "id": "18131644",
                            "name": "student3",
                            "port": "0",
                            "priority": "0",
                            "type": "A",
                            "value": "147.75.196.87",
                            "weight": "0"
                        },
                        "meta": {},
                        "tainted": false
                    },
                    "deposed": [],
                    "provider": ""
                },
                "packet_device.kolla": {
                    "type": "packet_device",
                    "depends_on": [],
                    "primary": {
                        "id": "65d93846-84e3-4c37-83b5-dfbd45ea87ea",
                        "attributes": {
                            "billing_cycle": "hourly",
                            "created": "2016-09-12T17:27:42Z",
                            "facility": "ewr1",
                            "hostname": "kolla",
                            "id": "65d93846-84e3-4c37-83b5-dfbd45ea87ea",
                            "locked": "false",
                            "network.#": "3",
                            "network.0.address": "147.75.97.203",
                            "network.0.cidr": "31",
                            "network.0.family": "4",
                            "network.0.gateway": "147.75.97.202",
                            "network.0.public": "true",
                            "network.1.address": "2604:1380:1:7100::1",
                            "network.1.cidr": "127",
                            "network.1.family": "6",
                            "network.1.gateway": "2604:1380:1:7100::",
                            "network.1.public": "true",
                            "network.2.address": "10.99.144.1",
                            "network.2.cidr": "31",
                            "network.2.family": "4",
                            "network.2.gateway": "10.99.144.0",
                            "network.2.public": "false",
                            "operating_system": "centos_7_image",
                            "plan": "baremetal_0",
                            "project_id": "320c2c2f-6876-4621-929a-93a47e07d2da",
                            "state": "active",
                            "tags.#": "0",
                            "updated": "2016-09-12T17:33:29Z"
                        },
                        "meta": {},
                        "tainted": false
                    },
                    "deposed": [],
                    "provider": ""
                },
                "packet_device.student3": {
                    "type": "packet_device",
                    "depends_on": [],
                    "primary": {
                        "id": "8c1366c9-013e-4123-922f-e594a086daa6",
                        "attributes": {
                            "billing_cycle": "hourly",
                            "created": "2016-09-20T18:13:24Z",
                            "facility": "ewr1",
                            "hostname": "student3",
                            "id": "8c1366c9-013e-4123-922f-e594a086daa6",
                            "locked": "false",
                            "network.#": "3",
                            "network.0.address": "147.75.196.87",
                            "network.0.cidr": "31",
                            "network.0.family": "4",
                            "network.0.gateway": "147.75.196.86",
                            "network.0.public": "true",
                            "network.1.address": "2604:1380:1:7100::3",
                            "network.1.cidr": "127",
                            "network.1.family": "6",
                            "network.1.gateway": "2604:1380:1:7100::2",
                            "network.1.public": "true",
                            "network.2.address": "10.99.144.3",
                            "network.2.cidr": "31",
                            "network.2.family": "4",
                            "network.2.gateway": "10.99.144.2",
                            "network.2.public": "false",
                            "operating_system": "centos_7_image",
                            "plan": "baremetal_0",
                            "project_id": "320c2c2f-6876-4621-929a-93a47e07d2da",
                            "state": "active",
                            "tags.#": "0",
                            "updated": "2016-09-20T18:19:09Z"
                        },
                        "meta": {},
                        "tainted": false
                    },
                    "deposed": [],
                    "provider": ""
                }
            },
            "depends_on": []
        }
    ]
}
